
Microsoft Visual Studio Solution File, Format Version 12.00
# Visual Studio Version 17
VisualStudioVersion = 17.9.34607.119
MinimumVisualStudioVersion = 10.0.40219.1
Project("{9A19103F-16F7-4668-BE54-9A1E7A4F7556}") = "Acme.Biz", "Acme.Biz\Acme.Biz.csproj", "{9C4C6294-A431-45BC-960E-23FB735E0EC3}"
EndProject
Project("{2150E333-8FDC-42A3-9474-1A3956D46DE8}") = "Tests", "Tests", "{E6ED9292-23FD-41F0-B17B-149EF58353CB}"
EndProject
Project("{9A19103F-16F7-4668-BE54-9A1E7A4F7556}") = "Acme.Common", "Acme.Common\Acme.Common.csproj", "{CA2A3E90-16F9-4242-8553-32B7BC7E8209}"
EndProject
Project("{9A19103F-16F7-4668-BE54-9A1E7A4F7556}") = "Acme.Wpf", "Acme.Wpf\Acme.Wpf.csproj", "{1B76760D-5BF1-4609-A07B-94AEA81664EA}"
EndProject
Project("{9A19103F-16F7-4668-BE54-9A1E7A4F7556}") = "Acme.BizTests", "Acme.BizTests\Acme.BizTests.csproj", "{DEC52F59-3F22-40A7-A733-77153590805C}"
EndProject
Project("{FAE04EC0-301F-11D3-BF4B-00C04F79EFBC}") = "Acme.Web", "Acme.Web\Acme.Web.csproj", "{528F365B-A04B-4FEC-AE6A-30EB5912A4A6}"
EndProject
Project("{FAE04EC0-301F-11D3-BF4B-00C04F79EFBC}") = "Acme.CommonTests", "Acme.CommonTests\Acme.CommonTests.csproj", "{FDB1F946-44A1-4305-9820-E155E9AC2F4B}"
EndProject
Global
	GlobalSection(SolutionConfigurationPlatforms) = preSolution
		Debug|Any CPU = Debug|Any CPU
		Release|Any CPU = Release|Any CPU
	EndGlobalSection
	GlobalSection(ProjectConfigurationPlatforms) = postSolution
		{9C4C6294-A431-45BC-960E-23FB735E0EC3}.Debug|Any CPU.ActiveCfg = Debug|Any CPU
		{9C4C6294-A431-45BC-960E-23FB735E0EC3}.Debug|Any CPU.Build.0 = Debug|Any CPU
		{9C4C6294-A431-45BC-960E-23FB735E0EC3}.Release|Any CPU.ActiveCfg = Release|Any CPU
		{9C4C6294-A431-45BC-960E-23FB735E0EC3}.Release|Any CPU.Build.0 = Release|Any CPU
		{CA2A3E90-16F9-4242-8553-32B7BC7E8209}.Debug|Any CPU.ActiveCfg = Debug|Any CPU
		{CA2A3E90-16F9-4242-8553-32B7BC7E8209}.Debug|Any CPU.Build.0 = Debug|Any CPU
		{CA2A3E90-16F9-4242-8553-32B7BC7E8209}.Release|Any CPU.ActiveCfg = Release|Any CPU
		{CA2A3E90-16F9-4242-8553-32B7BC7E8209}.Release|Any CPU.Build.0 = Release|Any CPU
		{1B76760D-5BF1-4609-A07B-94AEA81664EA}.Debug|Any CPU.ActiveCfg = Debug|Any CPU
		{1B76760D-5BF1-4609-A07B-94AEA81664EA}.Debug|Any CPU.Build.0 = Debug|Any CPU
		{1B76760D-5BF1-4609-A07B-94AEA81664EA}.Release|Any CPU.ActiveCfg = Release|Any CPU
		{1B76760D-5BF1-4609-A07B-94AEA81664EA}.Release|Any CPU.Build.0 = Release|Any CPU
		{DEC52F59-3F22-40A7-A733-77153590805C}.Debug|Any CPU.ActiveCfg = Debug|Any CPU
		{DEC52F59-3F22-40A7-A733-77153590805C}.Debug|Any CPU.Build.0 = Debug|Any CPU
		{DEC52F59-3F22-40A7-A733-77153590805C}.Release|Any CPU.ActiveCfg = Release|Any CPU
		{DEC52F59-3F22-40A7-A733-77153590805C}.Release|Any CPU.Build.0 = Release|Any CPU
		{528F365B-A04B-4FEC-AE6A-30EB5912A4A6}.Debug|Any CPU.ActiveCfg = Debug|Any CPU
		{528F365B-A04B-4FEC-AE6A-30EB5912A4A6}.Debug|Any CPU.Build.0 = Debug|Any CPU
		{528F365B-A04B-4FEC-AE6A-30EB5912A4A6}.Release|Any CPU.ActiveCfg = Release|Any CPU
		{528F365B-A04B-4FEC-AE6A-30EB5912A4A6}.Release|Any CPU.Build.0 = Release|Any CPU
		{FDB1F946-44A1-4305-9820-E155E9AC2F4B}.Debug|Any CPU.ActiveCfg = Debug|Any CPU
		{FDB1F946-44A1-4305-9820-E155E9AC2F4B}.Debug|Any CPU.Build.0 = Debug|Any CPU
		{FDB1F946-44A1-4305-9820-E155E9AC2F4B}.Release|Any CPU.ActiveCfg = Release|Any CPU
		{FDB1F946-44A1-4305-9820-E155E9AC2F4B}.Release|Any CPU.Build.0 = Release|Any CPU
	EndGlobalSection
	GlobalSection(SolutionProperties) = preSolution
		HideSolutionNode = FALSE
	EndGlobalSection
	GlobalSection(NestedProjects) = preSolution
		{DEC52F59-3F22-40A7-A733-77153590805C} = {E6ED9292-23FD-41F0-B17B-149EF58353CB}
		{FDB1F946-44A1-4305-9820-E155E9AC2F4B} = {E6ED9292-23FD-41F0-B17B-149EF58353CB}
	EndGlobalSection
	GlobalSection(ExtensibilityGlobals) = postSolution
		SolutionGuid = {A6867AE5-90D6-448B-ACE2-8E97AF00E358}
	EndGlobalSection
EndGlobal
